
Microsoft Visual Studio Solution File, Format Version 12.00
# Visual Studio Version 17
VisualStudioVersion = 17.1.32407.343
MinimumVisualStudioVersion = 10.0.40219.1
Project("{9A19103F-16F7-4668-BE54-9A1E7A4F7556}") = "CSharpConsoleApp", "CSharpConsoleApp\CSharpConsoleApp.csproj", "{57942C20-3810-4A3E-B378-1963346F8066}"
EndProject
Project("{F2A71F9B-5D33-465A-A702-920D77279786}") = "FSharpConsoleApp", "FSharpConsoleApp\FSharpConsoleApp.fsproj", "{0ACC81ED-DC32-433E-A450-3CD05963C9A7}"
EndProject
Global
	GlobalSection(SolutionConfigurationPlatforms) = preSolution
		Debug|Any CPU = Debug|Any CPU
		Release|Any CPU = Release|Any CPU
	EndGlobalSection
	GlobalSection(ProjectConfigurationPlatforms) = postSolution
		{57942C20-3810-4A3E-B378-1963346F8066}.Debug|Any CPU.ActiveCfg = Debug|Any CPU
		{57942C20-3810-4A3E-B378-1963346F8066}.Debug|Any CPU.Build.0 = Debug|Any CPU
		{57942C20-3810-4A3E-B378-1963346F8066}.Release|Any CPU.ActiveCfg = Release|Any CPU
		{57942C20-3810-4A3E-B378-1963346F8066}.Release|Any CPU.Build.0 = Release|Any CPU
		{0ACC81ED-DC32-433E-A450-3CD05963C9A7}.Debug|Any CPU.ActiveCfg = Debug|Any CPU
		{0ACC81ED-DC32-433E-A450-3CD05963C9A7}.Debug|Any CPU.Build.0 = Debug|Any CPU
		{0ACC81ED-DC32-433E-A450-3CD05963C9A7}.Release|Any CPU.ActiveCfg = Release|Any CPU
		{0ACC81ED-DC32-433E-A450-3CD05963C9A7}.Release|Any CPU.Build.0 = Release|Any CPU
	EndGlobalSection
	GlobalSection(SolutionProperties) = preSolution
		HideSolutionNode = FALSE
	EndGlobalSection
	GlobalSection(ExtensibilityGlobals) = postSolution
		SolutionGuid = {73BB3E19-3FDB-49D7-BDB6-1FDAF9AC3644}
	EndGlobalSection
EndGlobal
